
Microsoft Visual Studio Solution File, Format Version 12.00
# Visual Studio Version 16
VisualStudioVersion = 16.0.810.13
MinimumVisualStudioVersion = 10.0.40219.1
Project("{FAE04EC0-301F-11D3-BF4B-00C04F79EFBC}") = "Assignment6", "Assignment6\Assignment6.csproj", "{A524AF75-3F73-4626-B83E-9BFB9D9A977A}"
EndProject
Global
	GlobalSection(SolutionConfigurationPlatforms) = preSolution
		Debug|Any CPU = Debug|Any CPU
		Release|Any CPU = Release|Any CPU
	EndGlobalSection
	GlobalSection(ProjectConfigurationPlatforms) = postSolution
		{A524AF75-3F73-4626-B83E-9BFB9D9A977A}.Debug|Any CPU.ActiveCfg = Debug|Any CPU
		{A524AF75-3F73-4626-B83E-9BFB9D9A977A}.Debug|Any CPU.Build.0 = Debug|Any CPU
		{A524AF75-3F73-4626-B83E-9BFB9D9A977A}.Release|Any CPU.ActiveCfg = Release|Any CPU
		{A524AF75-3F73-4626-B83E-9BFB9D9A977A}.Release|Any CPU.Build.0 = Release|Any CPU
	EndGlobalSection
	GlobalSection(SolutionProperties) = preSolution
		HideSolutionNode = FALSE
	EndGlobalSection
	GlobalSection(ExtensibilityGlobals) = postSolution
		SolutionGuid = {B800CBE5-ED02-447D-9513-51A71EEF359D}
	EndGlobalSection
EndGlobal
